
Microsoft Visual Studio Solution File, Format Version 12.00
# Visual Studio 15
VisualStudioVersion = 15.0.28307.572
MinimumVisualStudioVersion = 10.0.40219.1
Project("{FAE04EC0-301F-11D3-BF4B-00C04F79EFBC}") = "View_AP", "View_AP\View_AP.csproj", "{D0BF5C5D-B993-495A-8BCE-FEB97C4D3D06}"
EndProject
Project("{FAE04EC0-301F-11D3-BF4B-00C04F79EFBC}") = "Model_AP", "Model_AP\Model_AP.csproj", "{2F6EA8C9-DC1F-479A-804A-A5D26202E068}"
EndProject
Project("{FAE04EC0-301F-11D3-BF4B-00C04F79EFBC}") = "VM_AP", "VM_AP\VM_AP.csproj", "{DF354288-763D-45C9-863B-FB0AEEEB0B09}"
EndProject
Global
	GlobalSection(SolutionConfigurationPlatforms) = preSolution
		Debug|Any CPU = Debug|Any CPU
		Release|Any CPU = Release|Any CPU
	EndGlobalSection
	GlobalSection(ProjectConfigurationPlatforms) = postSolution
		{D0BF5C5D-B993-495A-8BCE-FEB97C4D3D06}.Debug|Any CPU.ActiveCfg = Debug|Any CPU
		{D0BF5C5D-B993-495A-8BCE-FEB97C4D3D06}.Debug|Any CPU.Build.0 = Debug|Any CPU
		{D0BF5C5D-B993-495A-8BCE-FEB97C4D3D06}.Release|Any CPU.ActiveCfg = Release|Any CPU
		{D0BF5C5D-B993-495A-8BCE-FEB97C4D3D06}.Release|Any CPU.Build.0 = Release|Any CPU
		{2F6EA8C9-DC1F-479A-804A-A5D26202E068}.Debug|Any CPU.ActiveCfg = Debug|Any CPU
		{2F6EA8C9-DC1F-479A-804A-A5D26202E068}.Debug|Any CPU.Build.0 = Debug|Any CPU
		{2F6EA8C9-DC1F-479A-804A-A5D26202E068}.Release|Any CPU.ActiveCfg = Release|Any CPU
		{2F6EA8C9-DC1F-479A-804A-A5D26202E068}.Release|Any CPU.Build.0 = Release|Any CPU
		{DF354288-763D-45C9-863B-FB0AEEEB0B09}.Debug|Any CPU.ActiveCfg = Debug|Any CPU
		{DF354288-763D-45C9-863B-FB0AEEEB0B09}.Debug|Any CPU.Build.0 = Debug|Any CPU
		{DF354288-763D-45C9-863B-FB0AEEEB0B09}.Release|Any CPU.ActiveCfg = Release|Any CPU
		{DF354288-763D-45C9-863B-FB0AEEEB0B09}.Release|Any CPU.Build.0 = Release|Any CPU
	EndGlobalSection
	GlobalSection(SolutionProperties) = preSolution
		HideSolutionNode = FALSE
	EndGlobalSection
	GlobalSection(ExtensibilityGlobals) = postSolution
		SolutionGuid = {446C6183-6A1A-44A2-949B-F624021A5868}
	EndGlobalSection
EndGlobal
